
Microsoft Visual Studio Solution File, Format Version 12.00
# Visual Studio Version 16
VisualStudioVersion = 16.0.32428.217
MinimumVisualStudioVersion = 10.0.40219.1
Project("{FAE04EC0-301F-11D3-BF4B-00C04F79EFBC}") = "IS6225_DataGov_API", "IS6225_DataGov_API\IS6225_DataGov_API.csproj", "{4A7385D4-18F5-4B0E-A90F-16511A75CA0A}"
EndProject
Global
	GlobalSection(SolutionConfigurationPlatforms) = preSolution
		Debug|Any CPU = Debug|Any CPU
		Release|Any CPU = Release|Any CPU
	EndGlobalSection
	GlobalSection(ProjectConfigurationPlatforms) = postSolution
		{4A7385D4-18F5-4B0E-A90F-16511A75CA0A}.Debug|Any CPU.ActiveCfg = Debug|Any CPU
		{4A7385D4-18F5-4B0E-A90F-16511A75CA0A}.Debug|Any CPU.Build.0 = Debug|Any CPU
		{4A7385D4-18F5-4B0E-A90F-16511A75CA0A}.Release|Any CPU.ActiveCfg = Release|Any CPU
		{4A7385D4-18F5-4B0E-A90F-16511A75CA0A}.Release|Any CPU.Build.0 = Release|Any CPU
	EndGlobalSection
	GlobalSection(SolutionProperties) = preSolution
		HideSolutionNode = FALSE
	EndGlobalSection
	GlobalSection(ExtensibilityGlobals) = postSolution
		SolutionGuid = {ED186177-44E3-4E11-B414-D76DCED344F8}
	EndGlobalSection
EndGlobal
